// !$*UTF8*$!
{
	archiveVersion = 1;
	classes = {
	};
	objectVersion = 55;
	objects = {

/* Begin PBXBuildFile section */
		7CBB2B1C283EF77600928764 /* AppDelegate.swift in Sources */ = {isa = PBXBuildFile; fileRef = 7CBB2B1B283EF77600928764 /* AppDelegate.swift */; };
		7CBB2B1E283EF77600928764 /* SceneDelegate.swift in Sources */ = {isa = PBXBuildFile; fileRef = 7CBB2B1D283EF77600928764 /* SceneDelegate.swift */; };
		7CBB2B20283EF77600928764 /* ListVC.swift in Sources */ = {isa = PBXBuildFile; fileRef = 7CBB2B1F283EF77600928764 /* ListVC.swift */; };
		7CBB2B23283EF77600928764 /* Main.storyboard in Resources */ = {isa = PBXBuildFile; fileRef = 7CBB2B21283EF77600928764 /* Main.storyboard */; };
		7CBB2B25283EF77D00928764 /* Assets.xcassets in Resources */ = {isa = PBXBuildFile; fileRef = 7CBB2B24283EF77D00928764 /* Assets.xcassets */; };
		7CBB2B28283EF77D00928764 /* LaunchScreen.storyboard in Resources */ = {isa = PBXBuildFile; fileRef = 7CBB2B26283EF77D00928764 /* LaunchScreen.storyboard */; };
		7CBB2B31283F0C0D00928764 /* Kingfisher in Frameworks */ = {isa = PBXBuildFile; productRef = 7CBB2B30283F0C0D00928764 /* Kingfisher */; };
		7CBB2B34283F0C2C00928764 /* Alamofire in Frameworks */ = {isa = PBXBuildFile; productRef = 7CBB2B33283F0C2C00928764 /* Alamofire */; };
		7CBB2B4A283F120600928764 /* Temps.swift in Sources */ = {isa = PBXBuildFile; fileRef = 7CBB2B49283F120600928764 /* Temps.swift */; };
		7CBB2B4C283F12CC00928764 /* TempsResponse.swift in Sources */ = {isa = PBXBuildFile; fileRef = 7CBB2B4B283F12CC00928764 /* TempsResponse.swift */; };
		7CBB2B4E283FACFF00928764 /* ListProtocols.swift in Sources */ = {isa = PBXBuildFile; fileRef = 7CBB2B4D283FACFF00928764 /* ListProtocols.swift */; };
		7CBB2B50283FAD1300928764 /* ListPresenter.swift in Sources */ = {isa = PBXBuildFile; fileRef = 7CBB2B4F283FAD1300928764 /* ListPresenter.swift */; };
		7CBB2B52283FAD2A00928764 /* ListInteractor.swift in Sources */ = {isa = PBXBuildFile; fileRef = 7CBB2B51283FAD2900928764 /* ListInteractor.swift */; };
		7CBB2B54283FAD3900928764 /* ListRouter.swift in Sources */ = {isa = PBXBuildFile; fileRef = 7CBB2B53283FAD3900928764 /* ListRouter.swift */; };
		7CBB2B58283FB32100928764 /* ItemCell.swift in Sources */ = {isa = PBXBuildFile; fileRef = 7CBB2B56283FB32100928764 /* ItemCell.swift */; };
		7CBB2B59283FB32100928764 /* ItemCell.xib in Resources */ = {isa = PBXBuildFile; fileRef = 7CBB2B57283FB32100928764 /* ItemCell.xib */; };
		7CBB2B622841488B00928764 /* SwiftyJSON in Frameworks */ = {isa = PBXBuildFile; productRef = 7CBB2B612841488B00928764 /* SwiftyJSON */; };
		7CBB2B6A2841C13700928764 /* DetailVC.swift in Sources */ = {isa = PBXBuildFile; fileRef = 7CBB2B692841C13700928764 /* DetailVC.swift */; };
		7CBB2B6C2841CF1100928764 /* DetailCell.swift in Sources */ = {isa = PBXBuildFile; fileRef = 7CBB2B6B2841CF1100928764 /* DetailCell.swift */; };
		7CBB2B6E2842539B00928764 /* SubsVC.swift in Sources */ = {isa = PBXBuildFile; fileRef = 7CBB2B6D2842539B00928764 /* SubsVC.swift */; };
/* End PBXBuildFile section */

/* Begin PBXFileReference section */
		7CBB2B18283EF77600928764 /* StorlyApp.app */ = {isa = PBXFileReference; explicitFileType = wrapper.application; includeInIndex = 0; path = StorlyApp.app; sourceTree = BUILT_PRODUCTS_DIR; };
		7CBB2B1B283EF77600928764 /* AppDelegate.swift */ = {isa = PBXFileReference; lastKnownFileType = sourcecode.swift; path = AppDelegate.swift; sourceTree = "<group>"; };
		7CBB2B1D283EF77600928764 /* SceneDelegate.swift */ = {isa = PBXFileReference; lastKnownFileType = sourcecode.swift; path = SceneDelegate.swift; sourceTree = "<group>"; };
		7CBB2B1F283EF77600928764 /* ListVC.swift */ = {isa = PBXFileReference; lastKnownFileType = sourcecode.swift; path = ListVC.swift; sourceTree = "<group>"; };
		7CBB2B22283EF77600928764 /* Base */ = {isa = PBXFileReference; lastKnownFileType = file.storyboard; name = Base; path = Base.lproj/Main.storyboard; sourceTree = "<group>"; };
		7CBB2B24283EF77D00928764 /* Assets.xcassets */ = {isa = PBXFileReference; lastKnownFileType = folder.assetcatalog; path = Assets.xcassets; sourceTree = "<group>"; };
		7CBB2B27283EF77D00928764 /* Base */ = {isa = PBXFileReference; lastKnownFileType = file.storyboard; name = Base; path = Base.lproj/LaunchScreen.storyboard; sourceTree = "<group>"; };
		7CBB2B29283EF77D00928764 /* Info.plist */ = {isa = PBXFileReference; lastKnownFileType = text.plist.xml; path = Info.plist; sourceTree = "<group>"; };
		7CBB2B49283F120600928764 /* Temps.swift */ = {isa = PBXFileReference; lastKnownFileType = sourcecode.swift; path = Temps.swift; sourceTree = "<group>"; };
		7CBB2B4B283F12CC00928764 /* TempsResponse.swift */ = {isa = PBXFileReference; lastKnownFileType = sourcecode.swift; path = TempsResponse.swift; sourceTree = "<group>"; };
		7CBB2B4D283FACFF00928764 /* ListProtocols.swift */ = {isa = PBXFileReference; lastKnownFileType = sourcecode.swift; path = ListProtocols.swift; sourceTree = "<group>"; };
		7CBB2B4F283FAD1300928764 /* ListPresenter.swift */ = {isa = PBXFileReference; lastKnownFileType = sourcecode.swift; path = ListPresenter.swift; sourceTree = "<group>"; };
		7CBB2B51283FAD2900928764 /* ListInteractor.swift */ = {isa = PBXFileReference; lastKnownFileType = sourcecode.swift; path = ListInteractor.swift; sourceTree = "<group>"; };
		7CBB2B53283FAD3900928764 /* ListRouter.swift */ = {isa = PBXFileReference; lastKnownFileType = sourcecode.swift; path = ListRouter.swift; sourceTree = "<group>"; };
		7CBB2B56283FB32100928764 /* ItemCell.swift */ = {isa = PBXFileReference; lastKnownFileType = sourcecode.swift; path = ItemCell.swift; sourceTree = "<group>"; };
		7CBB2B57283FB32100928764 /* ItemCell.xib */ = {isa = PBXFileReference; lastKnownFileType = file.xib; path = ItemCell.xib; sourceTree = "<group>"; };
		7CBB2B692841C13700928764 /* DetailVC.swift */ = {isa = PBXFileReference; lastKnownFileType = sourcecode.swift; path = DetailVC.swift; sourceTree = "<group>"; };
		7CBB2B6B2841CF1100928764 /* DetailCell.swift */ = {isa = PBXFileReference; lastKnownFileType = sourcecode.swift; path = DetailCell.swift; sourceTree = "<group>"; };
		7CBB2B6D2842539B00928764 /* SubsVC.swift */ = {isa = PBXFileReference; lastKnownFileType = sourcecode.swift; path = SubsVC.swift; sourceTree = "<group>"; };
/* End PBXFileReference section */

/* Begin PBXFrameworksBuildPhase section */
		7CBB2B15283EF77600928764 /* Frameworks */ = {
			isa = PBXFrameworksBuildPhase;
			buildActionMask = 2147483647;
			files = (
				7CBB2B622841488B00928764 /* SwiftyJSON in Frameworks */,
				7CBB2B31283F0C0D00928764 /* Kingfisher in Frameworks */,
				7CBB2B34283F0C2C00928764 /* Alamofire in Frameworks */,
			);
			runOnlyForDeploymentPostprocessing = 0;
		};
/* End PBXFrameworksBuildPhase section */

/* Begin PBXGroup section */
		7CBB2B0F283EF77600928764 = {
			isa = PBXGroup;
			children = (
				7CBB2B1A283EF77600928764 /* StorlyApp */,
				7CBB2B19283EF77600928764 /* Products */,
			);
			sourceTree = "<group>";
		};
		7CBB2B19283EF77600928764 /* Products */ = {
			isa = PBXGroup;
			children = (
				7CBB2B18283EF77600928764 /* StorlyApp.app */,
			);
			name = Products;
			sourceTree = "<group>";
		};
		7CBB2B1A283EF77600928764 /* StorlyApp */ = {
			isa = PBXGroup;
			children = (
				7CBB2B37283F0F9200928764 /* subs-module */,
				7CBB2B36283F0F7B00928764 /* detail-module */,
				7CBB2B35283F0F7000928764 /* list-module */,
				7CBB2B3D283F102000928764 /* entity */,
				7CBB2B1B283EF77600928764 /* AppDelegate.swift */,
				7CBB2B1D283EF77600928764 /* SceneDelegate.swift */,
				7CBB2B21283EF77600928764 /* Main.storyboard */,
				7CBB2B24283EF77D00928764 /* Assets.xcassets */,
				7CBB2B26283EF77D00928764 /* LaunchScreen.storyboard */,
				7CBB2B29283EF77D00928764 /* Info.plist */,
			);
			path = StorlyApp;
			sourceTree = "<group>";
		};
		7CBB2B35283F0F7000928764 /* list-module */ = {
			isa = PBXGroup;
			children = (
				7CBB2B3C283F0FEC00928764 /* protocols */,
				7CBB2B38283F0FA700928764 /* view */,
				7CBB2B39283F0FB800928764 /* presenter */,
				7CBB2B3A283F0FC200928764 /* interactor */,
				7CBB2B3B283F0FE400928764 /* router */,
			);
			path = "list-module";
			sourceTree = "<group>";
		};
		7CBB2B36283F0F7B00928764 /* detail-module */ = {
			isa = PBXGroup;
			children = (
				7CBB2B41283F107A00928764 /* view */,
			);
			path = "detail-module";
			sourceTree = "<group>";
		};
		7CBB2B37283F0F9200928764 /* subs-module */ = {
			isa = PBXGroup;
			children = (
				7CBB2B47283F10C000928764 /* view */,
			);
			path = "subs-module";
			sourceTree = "<group>";
		};
		7CBB2B38283F0FA700928764 /* view */ = {
			isa = PBXGroup;
			children = (
				7CBB2B55283FB2E800928764 /* ItemCell */,
				7CBB2B1F283EF77600928764 /* ListVC.swift */,
			);
			path = view;
			sourceTree = "<group>";
		};
		7CBB2B39283F0FB800928764 /* presenter */ = {
			isa = PBXGroup;
			children = (
				7CBB2B4F283FAD1300928764 /* ListPresenter.swift */,
			);
			path = presenter;
			sourceTree = "<group>";
		};
		7CBB2B3A283F0FC200928764 /* interactor */ = {
			isa = PBXGroup;
			children = (
				7CBB2B51283FAD2900928764 /* ListInteractor.swift */,
			);
			path = interactor;
			sourceTree = "<group>";
		};
		7CBB2B3B283F0FE400928764 /* router */ = {
			isa = PBXGroup;
			children = (
				7CBB2B53283FAD3900928764 /* ListRouter.swift */,
			);
			path = router;
			sourceTree = "<group>";
		};
		7CBB2B3C283F0FEC00928764 /* protocols */ = {
			isa = PBXGroup;
			children = (
				7CBB2B4D283FACFF00928764 /* ListProtocols.swift */,
			);
			path = protocols;
			sourceTree = "<group>";
		};
		7CBB2B3D283F102000928764 /* entity */ = {
			isa = PBXGroup;
			children = (
				7CBB2B49283F120600928764 /* Temps.swift */,
				7CBB2B4B283F12CC00928764 /* TempsResponse.swift */,
			);
			path = entity;
			sourceTree = "<group>";
		};
		7CBB2B41283F107A00928764 /* view */ = {
			isa = PBXGroup;
			children = (
				7CBB2B692841C13700928764 /* DetailVC.swift */,
				7CBB2B6B2841CF1100928764 /* DetailCell.swift */,
			);
			path = view;
			sourceTree = "<group>";
		};
		7CBB2B47283F10C000928764 /* view */ = {
			isa = PBXGroup;
			children = (
				7CBB2B6D2842539B00928764 /* SubsVC.swift */,
			);
			path = view;
			sourceTree = "<group>";
		};
		7CBB2B55283FB2E800928764 /* ItemCell */ = {
			isa = PBXGroup;
			children = (
				7CBB2B56283FB32100928764 /* ItemCell.swift */,
				7CBB2B57283FB32100928764 /* ItemCell.xib */,
			);
			path = ItemCell;
			sourceTree = "<group>";
		};
/* End PBXGroup section */

/* Begin PBXNativeTarget section */
		7CBB2B17283EF77600928764 /* StorlyApp */ = {
			isa = PBXNativeTarget;
			buildConfigurationList = 7CBB2B2C283EF77D00928764 /* Build configuration list for PBXNativeTarget "StorlyApp" */;
			buildPhases = (
				7CBB2B14283EF77600928764 /* Sources */,
				7CBB2B15283EF77600928764 /* Frameworks */,
				7CBB2B16283EF77600928764 /* Resources */,
			);
			buildRules = (
			);
			dependencies = (
			);
			name = StorlyApp;
			packageProductDependencies = (
				7CBB2B30283F0C0D00928764 /* Kingfisher */,
				7CBB2B33283F0C2C00928764 /* Alamofire */,
				7CBB2B612841488B00928764 /* SwiftyJSON */,
			);
			productName = StorlyApp;
			productReference = 7CBB2B18283EF77600928764 /* StorlyApp.app */;
			productType = "com.apple.product-type.application";
		};
/* End PBXNativeTarget section */

/* Begin PBXProject section */
		7CBB2B10283EF77600928764 /* Project object */ = {
			isa = PBXProject;
			attributes = {
				BuildIndependentTargetsInParallel = 1;
				LastSwiftUpdateCheck = 1320;
				LastUpgradeCheck = 1320;
				TargetAttributes = {
					7CBB2B17283EF77600928764 = {
						CreatedOnToolsVersion = 13.2.1;
					};
				};
			};
			buildConfigurationList = 7CBB2B13283EF77600928764 /* Build configuration list for PBXProject "StorlyApp" */;
			compatibilityVersion = "Xcode 13.0";
			developmentRegion = en;
			hasScannedForEncodings = 0;
			knownRegions = (
				en,
				Base,
			);
			mainGroup = 7CBB2B0F283EF77600928764;
			packageReferences = (
				7CBB2B2F283F0C0C00928764 /* XCRemoteSwiftPackageReference "Kingfisher" */,
				7CBB2B32283F0C2C00928764 /* XCRemoteSwiftPackageReference "Alamofire" */,
				7CBB2B602841488A00928764 /* XCRemoteSwiftPackageReference "SwiftyJSON" */,
			);
			productRefGroup = 7CBB2B19283EF77600928764 /* Products */;
			projectDirPath = "";
			projectRoot = "";
			targets = (
				7CBB2B17283EF77600928764 /* StorlyApp */,
			);
		};
/* End PBXProject section */

/* Begin PBXResourcesBuildPhase section */
		7CBB2B16283EF77600928764 /* Resources */ = {
			isa = PBXResourcesBuildPhase;
			buildActionMask = 2147483647;
			files = (
				7CBB2B59283FB32100928764 /* ItemCell.xib in Resources */,
				7CBB2B28283EF77D00928764 /* LaunchScreen.storyboard in Resources */,
				7CBB2B25283EF77D00928764 /* Assets.xcassets in Resources */,
				7CBB2B23283EF77600928764 /* Main.storyboard in Resources */,
			);
			runOnlyForDeploymentPostprocessing = 0;
		};
/* End PBXResourcesBuildPhase section */

/* Begin PBXSourcesBuildPhase section */
		7CBB2B14283EF77600928764 /* Sources */ = {
			isa = PBXSourcesBuildPhase;
			buildActionMask = 2147483647;
			files = (
				7CBB2B54283FAD3900928764 /* ListRouter.swift in Sources */,
				7CBB2B6E2842539B00928764 /* SubsVC.swift in Sources */,
				7CBB2B50283FAD1300928764 /* ListPresenter.swift in Sources */,
				7CBB2B6C2841CF1100928764 /* DetailCell.swift in Sources */,
				7CBB2B6A2841C13700928764 /* DetailVC.swift in Sources */,
				7CBB2B20283EF77600928764 /* ListVC.swift in Sources */,
				7CBB2B1C283EF77600928764 /* AppDelegate.swift in Sources */,
				7CBB2B58283FB32100928764 /* ItemCell.swift in Sources */,
				7CBB2B1E283EF77600928764 /* SceneDelegate.swift in Sources */,
				7CBB2B4A283F120600928764 /* Temps.swift in Sources */,
				7CBB2B4C283F12CC00928764 /* TempsResponse.swift in Sources */,
				7CBB2B52283FAD2A00928764 /* ListInteractor.swift in Sources */,
				7CBB2B4E283FACFF00928764 /* ListProtocols.swift in Sources */,
			);
			runOnlyForDeploymentPostprocessing = 0;
		};
/* End PBXSourcesBuildPhase section */

/* Begin PBXVariantGroup section */
		7CBB2B21283EF77600928764 /* Main.storyboard */ = {
			isa = PBXVariantGroup;
			children = (
				7CBB2B22283EF77600928764 /* Base */,
			);
			name = Main.storyboard;
			sourceTree = "<group>";
		};
		7CBB2B26283EF77D00928764 /* LaunchScreen.storyboard */ = {
			isa = PBXVariantGroup;
			children = (
				7CBB2B27283EF77D00928764 /* Base */,
			);
			name = LaunchScreen.storyboard;
			sourceTree = "<group>";
		};
/* End PBXVariantGroup section */

/* Begin XCBuildConfiguration section */
		7CBB2B2A283EF77D00928764 /* Debug */ = {
			isa = XCBuildConfiguration;
			buildSettings = {
				ALWAYS_SEARCH_USER_PATHS = NO;
				CLANG_ANALYZER_NONNULL = YES;
				CLANG_ANALYZER_NUMBER_OBJECT_CONVERSION = YES_AGGRESSIVE;
				CLANG_CXX_LANGUAGE_STANDARD = "gnu++17";
				CLANG_CXX_LIBRARY = "libc++";
				CLANG_ENABLE_MODULES = YES;
				CLANG_ENABLE_OBJC_ARC = YES;
				CLANG_ENABLE_OBJC_WEAK = YES;
				CLANG_WARN_BLOCK_CAPTURE_AUTORELEASING = YES;
				CLANG_WARN_BOOL_CONVERSION = YES;
				CLANG_WARN_COMMA = YES;
				CLANG_WARN_CONSTANT_CONVERSION = YES;
				CLANG_WARN_DEPRECATED_OBJC_IMPLEMENTATIONS = YES;
				CLANG_WARN_DIRECT_OBJC_ISA_USAGE = YES_ERROR;
				CLANG_WARN_DOCUMENTATION_COMMENTS = YES;
				CLANG_WARN_EMPTY_BODY = YES;
				CLANG_WARN_ENUM_CONVERSION = YES;
				CLANG_WARN_INFINITE_RECURSION = YES;
				CLANG_WARN_INT_CONVERSION = YES;
				CLANG_WARN_NON_LITERAL_NULL_CONVERSION = YES;
				CLANG_WARN_OBJC_IMPLICIT_RETAIN_SELF = YES;
				CLANG_WARN_OBJC_LITERAL_CONVERSION = YES;
				CLANG_WARN_OBJC_ROOT_CLASS = YES_ERROR;
				CLANG_WARN_QUOTED_INCLUDE_IN_FRAMEWORK_HEADER = YES;
				CLANG_WARN_RANGE_LOOP_ANALYSIS = YES;
				CLANG_WARN_STRICT_PROTOTYPES = YES;
				CLANG_WARN_SUSPICIOUS_MOVE = YES;
				CLANG_WARN_UNGUARDED_AVAILABILITY = YES_AGGRESSIVE;
				CLANG_WARN_UNREACHABLE_CODE = YES;
				CLANG_WARN__DUPLICATE_METHOD_MATCH = YES;
				COPY_PHASE_STRIP = NO;
				DEBUG_INFORMATION_FORMAT = dwarf;
				ENABLE_STRICT_OBJC_MSGSEND = YES;
				ENABLE_TESTABILITY = YES;
				GCC_C_LANGUAGE_STANDARD = gnu11;
				GCC_DYNAMIC_NO_PIC = NO;
				GCC_NO_COMMON_BLOCKS = YES;
				GCC_OPTIMIZATION_LEVEL = 0;
				GCC_PREPROCESSOR_DEFINITIONS = (
					"DEBUG=1",
					"$(inherited)",
				);
				GCC_WARN_64_TO_32_BIT_CONVERSION = YES;
				GCC_WARN_ABOUT_RETURN_TYPE = YES_ERROR;
				GCC_WARN_UNDECLARED_SELECTOR = YES;
				GCC_WARN_UNINITIALIZED_AUTOS = YES_AGGRESSIVE;
				GCC_WARN_UNUSED_FUNCTION = YES;
				GCC_WARN_UNUSED_VARIABLE = YES;
				IPHONEOS_DEPLOYMENT_TARGET = 15.2;
				MTL_ENABLE_DEBUG_INFO = INCLUDE_SOURCE;
				MTL_FAST_MATH = YES;
				ONLY_ACTIVE_ARCH = YES;
				SDKROOT = iphoneos;
				SWIFT_ACTIVE_COMPILATION_CONDITIONS = DEBUG;
				SWIFT_OPTIMIZATION_LEVEL = "-Onone";
			};
			name = Debug;
		};
		7CBB2B2B283EF77D00928764 /* Release */ = {
			isa = XCBuildConfiguration;
			buildSettings = {
				ALWAYS_SEARCH_USER_PATHS = NO;
				CLANG_ANALYZER_NONNULL = YES;
				CLANG_ANALYZER_NUMBER_OBJECT_CONVERSION = YES_AGGRESSIVE;
				CLANG_CXX_LANGUAGE_STANDARD = "gnu++17";
				CLANG_CXX_LIBRARY = "libc++";
				CLANG_ENABLE_MODULES = YES;
				CLANG_ENABLE_OBJC_ARC = YES;
				CLANG_ENABLE_OBJC_WEAK = YES;
				CLANG_WARN_BLOCK_CAPTURE_AUTORELEASING = YES;
				CLANG_WARN_BOOL_CONVERSION = YES;
				CLANG_WARN_COMMA = YES;
				CLANG_WARN_CONSTANT_CONVERSION = YES;
				CLANG_WARN_DEPRECATED_OBJC_IMPLEMENTATIONS = YES;
				CLANG_WARN_DIRECT_OBJC_ISA_USAGE = YES_ERROR;
				CLANG_WARN_DOCUMENTATION_COMMENTS = YES;
				CLANG_WARN_EMPTY_BODY = YES;
				CLANG_WARN_ENUM_CONVERSION = YES;
				CLANG_WARN_INFINITE_RECURSION = YES;
				CLANG_WARN_INT_CONVERSION = YES;
				CLANG_WARN_NON_LITERAL_NULL_CONVERSION = YES;
				CLANG_WARN_OBJC_IMPLICIT_RETAIN_SELF = YES;
				CLANG_WARN_OBJC_LITERAL_CONVERSION = YES;
				CLANG_WARN_OBJC_ROOT_CLASS = YES_ERROR;
				CLANG_WARN_QUOTED_INCLUDE_IN_FRAMEWORK_HEADER = YES;
				CLANG_WARN_RANGE_LOOP_ANALYSIS = YES;
				CLANG_WARN_STRICT_PROTOTYPES = YES;
				CLANG_WARN_SUSPICIOUS_MOVE = YES;
				CLANG_WARN_UNGUARDED_AVAILABILITY = YES_AGGRESSIVE;
				CLANG_WARN_UNREACHABLE_CODE = YES;
				CLANG_WARN__DUPLICATE_METHOD_MATCH = YES;
				COPY_PHASE_STRIP = NO;
				DEBUG_INFORMATION_FORMAT = "dwarf-with-dsym";
				ENABLE_NS_ASSERTIONS = NO;
				ENABLE_STRICT_OBJC_MSGSEND = YES;
				GCC_C_LANGUAGE_STANDARD = gnu11;
				GCC_NO_COMMON_BLOCKS = YES;
				GCC_WARN_64_TO_32_BIT_CONVERSION = YES;
				GCC_WARN_ABOUT_RETURN_TYPE = YES_ERROR;
				GCC_WARN_UNDECLARED_SELECTOR = YES;
				GCC_WARN_UNINITIALIZED_AUTOS = YES_AGGRESSIVE;
				GCC_WARN_UNUSED_FUNCTION = YES;
				GCC_WARN_UNUSED_VARIABLE = YES;
				IPHONEOS_DEPLOYMENT_TARGET = 15.2;
				MTL_ENABLE_DEBUG_INFO = NO;
				MTL_FAST_MATH = YES;
				SDKROOT = iphoneos;
				SWIFT_COMPILATION_MODE = wholemodule;
				SWIFT_OPTIMIZATION_LEVEL = "-O";
				VALIDATE_PRODUCT = YES;
			};
			name = Release;
		};
		7CBB2B2D283EF77D00928764 /* Debug */ = {
			isa = XCBuildConfiguration;
			buildSettings = {
				ASSETCATALOG_COMPILER_APPICON_NAME = AppIcon;
				ASSETCATALOG_COMPILER_GLOBAL_ACCENT_COLOR_NAME = AccentColor;
				CODE_SIGN_STYLE = Automatic;
				CURRENT_PROJECT_VERSION = 1;
				DEVELOPMENT_TEAM = X4583CR5AQ;
				GENERATE_INFOPLIST_FILE = YES;
				INFOPLIST_FILE = StorlyApp/Info.plist;
				INFOPLIST_KEY_UIApplicationSupportsIndirectInputEvents = YES;
				INFOPLIST_KEY_UILaunchStoryboardName = LaunchScreen;
				INFOPLIST_KEY_UIMainStoryboardFile = Main;
				INFOPLIST_KEY_UISupportedInterfaceOrientations_iPad = "UIInterfaceOrientationPortrait UIInterfaceOrientationPortraitUpsideDown UIInterfaceOrientationLandscapeLeft UIInterfaceOrientationLandscapeRight";
				INFOPLIST_KEY_UISupportedInterfaceOrientations_iPhone = "UIInterfaceOrientationPortrait UIInterfaceOrientationLandscapeLeft UIInterfaceOrientationLandscapeRight";
				LD_RUNPATH_SEARCH_PATHS = (
					"$(inherited)",
					"@executable_path/Frameworks",
				);
				MARKETING_VERSION = 1.0;
				PRODUCT_BUNDLE_IDENTIFIER = com.biyikozcan.StorlyApp;
				PRODUCT_NAME = "$(TARGET_NAME)";
				SWIFT_EMIT_LOC_STRINGS = YES;
				SWIFT_VERSION = 5.0;
				TARGETED_DEVICE_FAMILY = "1,2";
			};
			name = Debug;
		};
		7CBB2B2E283EF77D00928764 /* Release */ = {
			isa = XCBuildConfiguration;
			buildSettings = {
				ASSETCATALOG_COMPILER_APPICON_NAME = AppIcon;
				ASSETCATALOG_COMPILER_GLOBAL_ACCENT_COLOR_NAME = AccentColor;
				CODE_SIGN_STYLE = Automatic;
				CURRENT_PROJECT_VERSION = 1;
				DEVELOPMENT_TEAM = X4583CR5AQ;
				GENERATE_INFOPLIST_FILE = YES;
				INFOPLIST_FILE = StorlyApp/Info.plist;
				INFOPLIST_KEY_UIApplicationSupportsIndirectInputEvents = YES;
				INFOPLIST_KEY_UILaunchStoryboardName = LaunchScreen;
				INFOPLIST_KEY_UIMainStoryboardFile = Main;
				INFOPLIST_KEY_UISupportedInterfaceOrientations_iPad = "UIInterfaceOrientationPortrait UIInterfaceOrientationPortraitUpsideDown UIInterfaceOrientationLandscapeLeft UIInterfaceOrientationLandscapeRight";
				INFOPLIST_KEY_UISupportedInterfaceOrientations_iPhone = "UIInterfaceOrientationPortrait UIInterfaceOrientationLandscapeLeft UIInterfaceOrientationLandscapeRight";
				LD_RUNPATH_SEARCH_PATHS = (
					"$(inherited)",
					"@executable_path/Frameworks",
				);
				MARKETING_VERSION = 1.0;
				PRODUCT_BUNDLE_IDENTIFIER = com.biyikozcan.StorlyApp;
				PRODUCT_NAME = "$(TARGET_NAME)";
				SWIFT_EMIT_LOC_STRINGS = YES;
				SWIFT_VERSION = 5.0;
				TARGETED_DEVICE_FAMILY = "1,2";
			};
			name = Release;
		};
/* End XCBuildConfiguration section */

/* Begin XCConfigurationList section */
		7CBB2B13283EF77600928764 /* Build configuration list for PBXProject "StorlyApp" */ = {
			isa = XCConfigurationList;
			buildConfigurations = (
				7CBB2B2A283EF77D00928764 /* Debug */,
				7CBB2B2B283EF77D00928764 /* Release */,
			);
			defaultConfigurationIsVisible = 0;
			defaultConfigurationName = Release;
		};
		7CBB2B2C283EF77D00928764 /* Build configuration list for PBXNativeTarget "StorlyApp" */ = {
			isa = XCConfigurationList;
			buildConfigurations = (
				7CBB2B2D283EF77D00928764 /* Debug */,
				7CBB2B2E283EF77D00928764 /* Release */,
			);
			defaultConfigurationIsVisible = 0;
			defaultConfigurationName = Release;
		};
/* End XCConfigurationList section */

/* Begin XCRemoteSwiftPackageReference section */
		7CBB2B2F283F0C0C00928764 /* XCRemoteSwiftPackageReference "Kingfisher" */ = {
			isa = XCRemoteSwiftPackageReference;
			repositoryURL = "https://github.com/onevcat/Kingfisher.git";
			requirement = {
				branch = master;
				kind = branch;
			};
		};
		7CBB2B32283F0C2C00928764 /* XCRemoteSwiftPackageReference "Alamofire" */ = {
			isa = XCRemoteSwiftPackageReference;
			repositoryURL = "https://github.com/Alamofire/Alamofire.git";
			requirement = {
				branch = master;
				kind = branch;
			};
		};
		7CBB2B602841488A00928764 /* XCRemoteSwiftPackageReference "SwiftyJSON" */ = {
			isa = XCRemoteSwiftPackageReference;
			repositoryURL = "https://github.com/SwiftyJSON/SwiftyJSON.git";
			requirement = {
				kind = upToNextMajorVersion;
				minimumVersion = 5.0.0;
			};
		};
/* End XCRemoteSwiftPackageReference section */

/* Begin XCSwiftPackageProductDependency section */
		7CBB2B30283F0C0D00928764 /* Kingfisher */ = {
			isa = XCSwiftPackageProductDependency;
			package = 7CBB2B2F283F0C0C00928764 /* XCRemoteSwiftPackageReference "Kingfisher" */;
			productName = Kingfisher;
		};
		7CBB2B33283F0C2C00928764 /* Alamofire */ = {
			isa = XCSwiftPackageProductDependency;
			package = 7CBB2B32283F0C2C00928764 /* XCRemoteSwiftPackageReference "Alamofire" */;
			productName = Alamofire;
		};
		7CBB2B612841488B00928764 /* SwiftyJSON */ = {
			isa = XCSwiftPackageProductDependency;
			package = 7CBB2B602841488A00928764 /* XCRemoteSwiftPackageReference "SwiftyJSON" */;
			productName = SwiftyJSON;
		};
/* End XCSwiftPackageProductDependency section */
	};
	rootObject = 7CBB2B10283EF77600928764 /* Project object */;
}
